
Microsoft Visual Studio Solution File, Format Version 12.00
# Visual Studio Version 17
VisualStudioVersion = 17.5.002.0
MinimumVisualStudioVersion = 10.0.40219.1
Project("{2150E333-8FDC-42A3-9474-1A3956D46DE8}") = "src", "src", "{75BB8EA9-1202-49A3-AB41-DDE20FA894F4}"
EndProject
Project("{9A19103F-16F7-4668-BE54-9A1E7A4F7556}") = "Play.Common", "src\Play.Common\Play.Common.csproj", "{14B8C64A-4786-4D9E-8807-3422835BAC52}"
EndProject
Global
	GlobalSection(SolutionConfigurationPlatforms) = preSolution
		Debug|Any CPU = Debug|Any CPU
		Release|Any CPU = Release|Any CPU
	EndGlobalSection
	GlobalSection(ProjectConfigurationPlatforms) = postSolution
		{14B8C64A-4786-4D9E-8807-3422835BAC52}.Debug|Any CPU.ActiveCfg = Debug|Any CPU
		{14B8C64A-4786-4D9E-8807-3422835BAC52}.Debug|Any CPU.Build.0 = Debug|Any CPU
		{14B8C64A-4786-4D9E-8807-3422835BAC52}.Release|Any CPU.ActiveCfg = Release|Any CPU
		{14B8C64A-4786-4D9E-8807-3422835BAC52}.Release|Any CPU.Build.0 = Release|Any CPU
	EndGlobalSection
	GlobalSection(SolutionProperties) = preSolution
		HideSolutionNode = FALSE
	EndGlobalSection
	GlobalSection(NestedProjects) = preSolution
		{14B8C64A-4786-4D9E-8807-3422835BAC52} = {75BB8EA9-1202-49A3-AB41-DDE20FA894F4}
	EndGlobalSection
	GlobalSection(ExtensibilityGlobals) = postSolution
		SolutionGuid = {8362BCC0-76B0-4246-BEA1-B052DFAE09B5}
	EndGlobalSection
EndGlobal
