
Microsoft Visual Studio Solution File, Format Version 12.00
# Visual Studio Version 17
VisualStudioVersion = 17.5.002.0
MinimumVisualStudioVersion = 10.0.40219.1
Project("{2150E333-8FDC-42A3-9474-1A3956D46DE8}") = "src", "src", "{25B77E22-5AFD-4DA7-91A9-8093474FCCD7}"
EndProject
Project("{9A19103F-16F7-4668-BE54-9A1E7A4F7556}") = "Play.Inventory.Service", "src\Play.Inventory.Service\Play.Inventory.Service.csproj", "{C145EB25-8274-4E1F-8CF5-7334C41FCF2C}"
EndProject
Global
	GlobalSection(SolutionConfigurationPlatforms) = preSolution
		Debug|Any CPU = Debug|Any CPU
		Release|Any CPU = Release|Any CPU
	EndGlobalSection
	GlobalSection(ProjectConfigurationPlatforms) = postSolution
		{C145EB25-8274-4E1F-8CF5-7334C41FCF2C}.Debug|Any CPU.ActiveCfg = Debug|Any CPU
		{C145EB25-8274-4E1F-8CF5-7334C41FCF2C}.Debug|Any CPU.Build.0 = Debug|Any CPU
		{C145EB25-8274-4E1F-8CF5-7334C41FCF2C}.Release|Any CPU.ActiveCfg = Release|Any CPU
		{C145EB25-8274-4E1F-8CF5-7334C41FCF2C}.Release|Any CPU.Build.0 = Release|Any CPU
	EndGlobalSection
	GlobalSection(SolutionProperties) = preSolution
		HideSolutionNode = FALSE
	EndGlobalSection
	GlobalSection(NestedProjects) = preSolution
		{C145EB25-8274-4E1F-8CF5-7334C41FCF2C} = {25B77E22-5AFD-4DA7-91A9-8093474FCCD7}
	EndGlobalSection
	GlobalSection(ExtensibilityGlobals) = postSolution
		SolutionGuid = {7A9EBA5B-3FE7-4172-B173-F658C4032367}
	EndGlobalSection
EndGlobal
