
Microsoft Visual Studio Solution File, Format Version 12.00
# Visual Studio Version 17
VisualStudioVersion = 17.5.002.0
MinimumVisualStudioVersion = 10.0.40219.1
Project("{2150E333-8FDC-42A3-9474-1A3956D46DE8}") = "src", "src", "{F8BE534C-2F4E-4182-8C91-D72DC291991C}"
EndProject
Project("{9A19103F-16F7-4668-BE54-9A1E7A4F7556}") = "Play.Catalog", "src\Play.Catalog.Service\Play.Catalog.csproj", "{79278560-6F3E-4D07-828D-60FAA3E421CD}"
EndProject
Global
	GlobalSection(SolutionConfigurationPlatforms) = preSolution
		Debug|Any CPU = Debug|Any CPU
		Release|Any CPU = Release|Any CPU
	EndGlobalSection
	GlobalSection(ProjectConfigurationPlatforms) = postSolution
		{79278560-6F3E-4D07-828D-60FAA3E421CD}.Debug|Any CPU.ActiveCfg = Debug|Any CPU
		{79278560-6F3E-4D07-828D-60FAA3E421CD}.Debug|Any CPU.Build.0 = Debug|Any CPU
		{79278560-6F3E-4D07-828D-60FAA3E421CD}.Release|Any CPU.ActiveCfg = Release|Any CPU
		{79278560-6F3E-4D07-828D-60FAA3E421CD}.Release|Any CPU.Build.0 = Release|Any CPU
	EndGlobalSection
	GlobalSection(SolutionProperties) = preSolution
		HideSolutionNode = FALSE
	EndGlobalSection
	GlobalSection(NestedProjects) = preSolution
		{79278560-6F3E-4D07-828D-60FAA3E421CD} = {F8BE534C-2F4E-4182-8C91-D72DC291991C}
	EndGlobalSection
	GlobalSection(ExtensibilityGlobals) = postSolution
		SolutionGuid = {AAB50977-56F1-4AC4-9B95-DF6C134E13FA}
	EndGlobalSection
EndGlobal
