
Microsoft Visual Studio Solution File, Format Version 12.00
# Visual Studio Version 17
VisualStudioVersion = 17.5.002.0
MinimumVisualStudioVersion = 10.0.40219.1
Project("{2150E333-8FDC-42A3-9474-1A3956D46DE8}") = "src", "src", "{AB7C0886-7F65-4C2F-84DC-CF8AC7730394}"
EndProject
Project("{9A19103F-16F7-4668-BE54-9A1E7A4F7556}") = "Play.Inventory.Service", "src\Play.Inventory.Service\Play.Inventory.Service.csproj", "{DBDD1D28-CC88-4267-917E-F785C16158E8}"
EndProject
Global
	GlobalSection(SolutionConfigurationPlatforms) = preSolution
		Debug|Any CPU = Debug|Any CPU
		Release|Any CPU = Release|Any CPU
	EndGlobalSection
	GlobalSection(ProjectConfigurationPlatforms) = postSolution
		{DBDD1D28-CC88-4267-917E-F785C16158E8}.Debug|Any CPU.ActiveCfg = Debug|Any CPU
		{DBDD1D28-CC88-4267-917E-F785C16158E8}.Debug|Any CPU.Build.0 = Debug|Any CPU
		{DBDD1D28-CC88-4267-917E-F785C16158E8}.Release|Any CPU.ActiveCfg = Release|Any CPU
		{DBDD1D28-CC88-4267-917E-F785C16158E8}.Release|Any CPU.Build.0 = Release|Any CPU
	EndGlobalSection
	GlobalSection(SolutionProperties) = preSolution
		HideSolutionNode = FALSE
	EndGlobalSection
	GlobalSection(NestedProjects) = preSolution
		{DBDD1D28-CC88-4267-917E-F785C16158E8} = {AB7C0886-7F65-4C2F-84DC-CF8AC7730394}
	EndGlobalSection
	GlobalSection(ExtensibilityGlobals) = postSolution
		SolutionGuid = {621197FB-09F8-4DD0-B981-C8F3C233FDE2}
	EndGlobalSection
EndGlobal
